{
    "requires": true,
    "lockfileVersion": 1,
    "dependencies": {
        "@dcloudio/uni-ui": {
            "version": "1.3.0",
            "resolved": "http://nexus.autel.com/repository/npm/@dcloudio/uni-ui/-/uni-ui-1.3.0.tgz",
            "integrity": "sha512-Tk/svNvsvqMqhaFmUCgbJ8PbodZ3UTdt7VoU0pvPGOQV2xVdE+3HH+d3POcH1pkWnR5P85j9Przpb1kInrQhAQ=="
        },
        "@types/json-schema": {
            "version": "7.0.7",
            "resolved": "http://nexus.autel.com/repository/npm/@types/json-schema/-/json-schema-7.0.7.tgz",
            "integrity": "sha512-cxWFQVseBm6O9Gbw1IWb8r6OS4OhSt3hPZLkFApLjM8TEXROBuQGLAH2i2gZpcXdLBIrpXuTDhH7Vbm1iXmNGA==",
            "dev": true
        },
        "ajv": {
            "version": "6.12.6",
            "resolved": "http://nexus.autel.com/repository/npm/ajv/-/ajv-6.12.6.tgz",
            "integrity": "sha512-j3fVLgvTo527anyYyJOGTYJbG+vnnQYvE0m5mmkc1TK+nxAppkCLMIL0aZ4dblVCNoGShhm+kzE4ZUykBoMg4g==",
            "dev": true,
            "requires": {
                "fast-deep-equal": "^3.1.1",
                "fast-json-stable-stringify": "^2.0.0",
                "json-schema-traverse": "^0.4.1",
                "uri-js": "^4.2.2"
            }
        },
        "ajv-keywords": {
            "version": "3.5.2",
            "resolved": "http://nexus.autel.com/repository/npm/ajv-keywords/-/ajv-keywords-3.5.2.tgz",
            "integrity": "sha512-5p6WTN0DdTGVQk6VjcEju19IgaHudalcfabD7yhDGeA6bcQnmL+CpveLJq/3hvfwd1aof6L386Ougkx6RfyMIQ==",
            "dev": true
        },
        "anymatch": {
            "version": "3.1.2",
            "resolved": "http://nexus.autel.com/repository/npm/anymatch/-/anymatch-3.1.2.tgz",
            "integrity": "sha512-P43ePfOAIupkguHUycrc4qJ9kz8ZiuOUijaETwX7THt0Y/GNK7v0aa8rY816xWjZ7rJdA5XdMcpVFTKMq+RvWg==",
            "dev": true,
            "requires": {
                "normalize-path": "^3.0.0",
                "picomatch": "^2.0.4"
            }
        },
        "big.js": {
            "version": "5.2.2",
            "resolved": "http://nexus.autel.com/repository/npm/big.js/-/big.js-5.2.2.tgz",
            "integrity": "sha512-vyL2OymJxmarO8gxMr0mhChsO9QGwhynfuu4+MHTAW6czfq9humCB7rKpUjDd9YUiDPU4mzpyupFSvOClAwbmQ==",
            "dev": true
        },
        "binary-extensions": {
            "version": "2.2.0",
            "resolved": "http://nexus.autel.com/repository/npm/binary-extensions/-/binary-extensions-2.2.0.tgz",
            "integrity": "sha512-jDctJ/IVQbZoJykoeHbhXpOlNBqGNcwXJKJog42E5HDPUwQTSdjCHdihjj0DlnheQ7blbT6dHOafNAiS8ooQKA==",
            "dev": true
        },
        "braces": {
            "version": "3.0.2",
            "resolved": "http://nexus.autel.com/repository/npm/braces/-/braces-3.0.2.tgz",
            "integrity": "sha512-b8um+L1RzM3WDSzvhm6gIz1yfTbBt6YTlcEKAvsmqCZZFw46z626lVj9j1yEPW33H5H+lBQpZMP1k8l+78Ha0A==",
            "dev": true,
            "requires": {
                "fill-range": "^7.0.1"
            }
        },
        "chokidar": {
            "version": "3.5.1",
            "resolved": "http://nexus.autel.com/repository/npm/chokidar/-/chokidar-3.5.1.tgz",
            "integrity": "sha512-9+s+Od+W0VJJzawDma/gvBNQqkTiqYTWLuZoyAsivsI4AaWTCzHG06/TMjsf1cYe9Cb97UCEhjz7HvnPk2p/tw==",
            "dev": true,
            "requires": {
                "anymatch": "~3.1.1",
                "braces": "~3.0.2",
                "fsevents": "~2.3.1",
                "glob-parent": "~5.1.0",
                "is-binary-path": "~2.1.0",
                "is-glob": "~4.0.1",
                "normalize-path": "~3.0.0",
                "readdirp": "~3.5.0"
            }
        },
        "emojis-list": {
            "version": "3.0.0",
            "resolved": "http://nexus.autel.com/repository/npm/emojis-list/-/emojis-list-3.0.0.tgz",
            "integrity": "sha512-/kyM18EfinwXZbno9FyUGeFh87KC8HRQBQGildHZbEuRyWFOmv1U10o9BBp8XVZDVNNuQKyIGIu5ZYAAXJ0V2Q==",
            "dev": true
        },
        "fast-deep-equal": {
            "version": "3.1.3",
            "resolved": "http://nexus.autel.com/repository/npm/fast-deep-equal/-/fast-deep-equal-3.1.3.tgz",
            "integrity": "sha512-f3qQ9oQy9j2AhBe/H9VC91wLmKBCCU/gDOnKNAYG5hswO7BLKj09Hc5HYNz9cGI++xlpDCIgDaitVs03ATR84Q==",
            "dev": true
        },
        "fast-json-stable-stringify": {
            "version": "2.1.0",
            "resolved": "http://nexus.autel.com/repository/npm/fast-json-stable-stringify/-/fast-json-stable-stringify-2.1.0.tgz",
            "integrity": "sha512-lhd/wF+Lk98HZoTCtlVraHtfh5XYijIjalXck7saUtuanSDyLMxnHhSXEDJqHxD7msR8D0uCmqlkwjCV8xvwHw==",
            "dev": true
        },
        "fill-range": {
            "version": "7.0.1",
            "resolved": "http://nexus.autel.com/repository/npm/fill-range/-/fill-range-7.0.1.tgz",
            "integrity": "sha512-qOo9F+dMUmC2Lcb4BbVvnKJxTPjCm+RRpe4gDuGrzkL7mEVl/djYSu2OdQ2Pa302N4oqkSg9ir6jaLWJ2USVpQ==",
            "dev": true,
            "requires": {
                "to-regex-range": "^5.0.1"
            }
        },
        "fsevents": {
            "version": "2.3.2",
            "resolved": "http://nexus.autel.com/repository/npm/fsevents/-/fsevents-2.3.2.tgz",
            "integrity": "sha512-xiqMQR4xAeHTuB9uWm+fFRcIOgKBMiOBP+eXiyT7jsgVCq1bkVygt00oASowB7EdtpOHaaPgKt812P9ab+DDKA==",
            "dev": true,
            "optional": true
        },
        "glob-parent": {
            "version": "5.1.2",
            "resolved": "http://nexus.autel.com/repository/npm/glob-parent/-/glob-parent-5.1.2.tgz",
            "integrity": "sha512-AOIgSQCepiJYwP3ARnGx+5VnTu2HBYdzbGP45eLw1vr3zB3vZLeyed1sC9hnbcOc9/SrMyM5RPQrkGz4aS9Zow==",
            "dev": true,
            "requires": {
                "is-glob": "^4.0.1"
            }
        },
        "is-binary-path": {
            "version": "2.1.0",
            "resolved": "http://nexus.autel.com/repository/npm/is-binary-path/-/is-binary-path-2.1.0.tgz",
            "integrity": "sha512-ZMERYes6pDydyuGidse7OsHxtbI7WVeUEozgR/g7rd0xUimYNlvZRE/K2MgZTjWy725IfelLeVcEM97mmtRGXw==",
            "dev": true,
            "requires": {
                "binary-extensions": "^2.0.0"
            }
        },
        "is-extglob": {
            "version": "2.1.1",
            "resolved": "http://nexus.autel.com/repository/npm/is-extglob/-/is-extglob-2.1.1.tgz",
            "integrity": "sha1-qIwCU1eR8C7TfHahueqXc8gz+MI=",
            "dev": true
        },
        "is-glob": {
            "version": "4.0.1",
            "resolved": "http://nexus.autel.com/repository/npm/is-glob/-/is-glob-4.0.1.tgz",
            "integrity": "sha512-5G0tKtBTFImOqDnLB2hG6Bp2qcKEFduo4tZu9MT/H6NQv/ghhy30o55ufafxJ/LdH79LLs2Kfrn85TLKyA7BUg==",
            "dev": true,
            "requires": {
                "is-extglob": "^2.1.1"
            }
        },
        "is-number": {
            "version": "7.0.0",
            "resolved": "http://nexus.autel.com/repository/npm/is-number/-/is-number-7.0.0.tgz",
            "integrity": "sha512-41Cifkg6e8TylSpdtTpeLVMqvSBEVzTttHvERD741+pnZ8ANv0004MRL43QKPDlK9cGvNp6NZWZUBlbGXYxxng==",
            "dev": true
        },
        "json-schema-traverse": {
            "version": "0.4.1",
            "resolved": "http://nexus.autel.com/repository/npm/json-schema-traverse/-/json-schema-traverse-0.4.1.tgz",
            "integrity": "sha512-xbbCH5dCYU5T8LcEhhuh7HJ88HXuW3qsI3Y0zOZFKfZEHcpWiHU/Jxzk629Brsab/mMiHQti9wMP+845RPe3Vg==",
            "dev": true
        },
        "json5": {
            "version": "2.2.0",
            "resolved": "http://nexus.autel.com/repository/npm/json5/-/json5-2.2.0.tgz",
            "integrity": "sha512-f+8cldu7X/y7RAJurMEJmdoKXGB/X550w2Nr3tTbezL6RwEE/iMcm+tZnXeoZtKuOq6ft8+CqzEkrIgx1fPoQA==",
            "dev": true,
            "requires": {
                "minimist": "^1.2.5"
            }
        },
        "klona": {
            "version": "2.0.4",
            "resolved": "http://nexus.autel.com/repository/npm/klona/-/klona-2.0.4.tgz",
            "integrity": "sha512-ZRbnvdg/NxqzC7L9Uyqzf4psi1OM4Cuc+sJAkQPjO6XkQIJTNbfK2Rsmbw8fx1p2mkZdp2FZYo2+LwXYY/uwIA==",
            "dev": true
        },
        "loader-utils": {
            "version": "2.0.0",
            "resolved": "http://nexus.autel.com/repository/npm/loader-utils/-/loader-utils-2.0.0.tgz",
            "integrity": "sha512-rP4F0h2RaWSvPEkD7BLDFQnvSf+nK+wr3ESUjNTyAGobqrijmW92zc+SO6d4p4B1wh7+B/Jg1mkQe5NYUEHtHQ==",
            "dev": true,
            "requires": {
                "big.js": "^5.2.2",
                "emojis-list": "^3.0.0",
                "json5": "^2.1.2"
            }
        },
        "lru-cache": {
            "version": "6.0.0",
            "resolved": "http://nexus.autel.com/repository/npm/lru-cache/-/lru-cache-6.0.0.tgz",
            "integrity": "sha512-Jo6dJ04CmSjuznwJSS3pUeWmd/H0ffTlkXXgwZi+eq1UCmqQwCh+eLsYOYCwY991i2Fah4h1BEMCx4qThGbsiA==",
            "dev": true,
            "requires": {
                "yallist": "^4.0.0"
            }
        },
        "minimist": {
            "version": "1.2.5",
            "resolved": "http://nexus.autel.com/repository/npm/minimist/-/minimist-1.2.5.tgz",
            "integrity": "sha512-FM9nNUYrRBAELZQT3xeZQ7fmMOBg6nWNmJKTcgsJeaLstP/UODVpGsr5OhXhhXg6f+qtJ8uiZ+PUxkDWcgIXLw==",
            "dev": true
        },
        "neo-async": {
            "version": "2.6.2",
            "resolved": "http://nexus.autel.com/repository/npm/neo-async/-/neo-async-2.6.2.tgz",
            "integrity": "sha512-Yd3UES5mWCSqR+qNT93S3UoYUkqAZ9lLg8a7g9rimsWmYGK8cVToA4/sF3RrshdyV3sAGMXVUmpMYOw+dLpOuw==",
            "dev": true
        },
        "normalize-path": {
            "version": "3.0.0",
            "resolved": "http://nexus.autel.com/repository/npm/normalize-path/-/normalize-path-3.0.0.tgz",
            "integrity": "sha512-6eZs5Ls3WtCisHWp9S2GUy8dqkpGi4BVSz3GaqiE6ezub0512ESztXUwUB6C6IKbQkY2Pnb/mD4WYojCRwcwLA==",
            "dev": true
        },
        "picomatch": {
            "version": "2.2.3",
            "resolved": "http://nexus.autel.com/repository/npm/picomatch/-/picomatch-2.2.3.tgz",
            "integrity": "sha512-KpELjfwcCDUb9PeigTs2mBJzXUPzAuP2oPcA989He8Rte0+YUAjw1JVedDhuTKPkHjSYzMN3npC9luThGYEKdg==",
            "dev": true
        },
        "punycode": {
            "version": "2.1.1",
            "resolved": "http://nexus.autel.com/repository/npm/punycode/-/punycode-2.1.1.tgz",
            "integrity": "sha512-XRsRjdf+j5ml+y/6GKHPZbrF/8p2Yga0JPtdqTIY2Xe5ohJPD9saDJJLPvp9+NSBprVvevdXZybnj2cv8OEd0A==",
            "dev": true
        },
        "readdirp": {
            "version": "3.5.0",
            "resolved": "http://nexus.autel.com/repository/npm/readdirp/-/readdirp-3.5.0.tgz",
            "integrity": "sha512-cMhu7c/8rdhkHXWsY+osBhfSy0JikwpHK/5+imo+LpeasTF8ouErHrlYkwT0++njiyuDvc7OFY5T3ukvZ8qmFQ==",
            "dev": true,
            "requires": {
                "picomatch": "^2.2.1"
            }
        },
        "sass": {
            "version": "1.32.12",
            "resolved": "http://nexus.autel.com/repository/npm/sass/-/sass-1.32.12.tgz",
            "integrity": "sha512-zmXn03k3hN0KaiVTjohgkg98C3UowhL1/VSGdj4/VAAiMKGQOE80PFPxFP2Kyq0OUskPKcY5lImkhBKEHlypJA==",
            "dev": true,
            "requires": {
                "chokidar": ">=3.0.0 <4.0.0"
            }
        },
        "sass-loader": {
            "version": "10.1.1",
            "resolved": "http://nexus.autel.com/repository/npm/sass-loader/-/sass-loader-10.1.1.tgz",
            "integrity": "sha512-W6gVDXAd5hR/WHsPicvZdjAWHBcEJ44UahgxcIE196fW2ong0ZHMPO1kZuI5q0VlvMQZh32gpv69PLWQm70qrw==",
            "dev": true,
            "requires": {
                "klona": "^2.0.4",
                "loader-utils": "^2.0.0",
                "neo-async": "^2.6.2",
                "schema-utils": "^3.0.0",
                "semver": "^7.3.2"
            }
        },
        "schema-utils": {
            "version": "3.0.0",
            "resolved": "http://nexus.autel.com/repository/npm/schema-utils/-/schema-utils-3.0.0.tgz",
            "integrity": "sha512-6D82/xSzO094ajanoOSbe4YvXWMfn2A//8Y1+MUqFAJul5Bs+yn36xbK9OtNDcRVSBJ9jjeoXftM6CfztsjOAA==",
            "dev": true,
            "requires": {
                "@types/json-schema": "^7.0.6",
                "ajv": "^6.12.5",
                "ajv-keywords": "^3.5.2"
            }
        },
        "semver": {
            "version": "7.3.5",
            "resolved": "http://nexus.autel.com/repository/npm/semver/-/semver-7.3.5.tgz",
            "integrity": "sha512-PoeGJYh8HK4BTO/a9Tf6ZG3veo/A7ZVsYrSA6J8ny9nb3B1VrpkuN+z9OE5wfE5p6H4LchYZsegiQgbJD94ZFQ==",
            "dev": true,
            "requires": {
                "lru-cache": "^6.0.0"
            }
        },
        "to-regex-range": {
            "version": "5.0.1",
            "resolved": "http://nexus.autel.com/repository/npm/to-regex-range/-/to-regex-range-5.0.1.tgz",
            "integrity": "sha512-65P7iz6X5yEr1cwcgvQxbbIw7Uk3gOy5dIdtZ4rDveLqhrdJP+Li/Hx6tyK0NEb+2GCyneCMJiGqrADCSNk8sQ==",
            "dev": true,
            "requires": {
                "is-number": "^7.0.0"
            }
        },
        "uri-js": {
            "version": "4.4.1",
            "resolved": "http://nexus.autel.com/repository/npm/uri-js/-/uri-js-4.4.1.tgz",
            "integrity": "sha512-7rKUyy33Q1yc98pQ1DAmLtwX109F7TIfWlW1Ydo8Wl1ii1SeHieeh0HHfPeL2fMXK6z0s8ecKs9frCuLJvndBg==",
            "dev": true,
            "requires": {
                "punycode": "^2.1.0"
            }
        },
        "yallist": {
            "version": "4.0.0",
            "resolved": "http://nexus.autel.com/repository/npm/yallist/-/yallist-4.0.0.tgz",
            "integrity": "sha512-3wdGidZyq5PB084XLES5TpOSRA3wjXAlIWMhum2kRcv/41Sn2emQ0dycQW4uZXLejwKvg6EsvbdlVL+FYEct7A==",
            "dev": true
        }
    }
}
